
Microsoft Visual Studio Solution File, Format Version 12.00
# Visual Studio Version 17
VisualStudioVersion = 17.6.33815.320
MinimumVisualStudioVersion = 10.0.40219.1
Project("{FAE04EC0-301F-11D3-BF4B-00C04F79EFBC}") = "LTT-WPF-Application", "LTT-WPF-Application\LTT-WPF-Application.csproj", "{9097176D-C7FC-4434-96CA-3CFB76C14D32}"
EndProject
Global
	GlobalSection(SolutionConfigurationPlatforms) = preSolution
		Debug|Any CPU = Debug|Any CPU
		Release|Any CPU = Release|Any CPU
	EndGlobalSection
	GlobalSection(ProjectConfigurationPlatforms) = postSolution
		{9097176D-C7FC-4434-96CA-3CFB76C14D32}.Debug|Any CPU.ActiveCfg = Debug|Any CPU
		{9097176D-C7FC-4434-96CA-3CFB76C14D32}.Debug|Any CPU.Build.0 = Debug|Any CPU
		{9097176D-C7FC-4434-96CA-3CFB76C14D32}.Release|Any CPU.ActiveCfg = Release|Any CPU
		{9097176D-C7FC-4434-96CA-3CFB76C14D32}.Release|Any CPU.Build.0 = Release|Any CPU
	EndGlobalSection
	GlobalSection(SolutionProperties) = preSolution
		HideSolutionNode = FALSE
	EndGlobalSection
	GlobalSection(ExtensibilityGlobals) = postSolution
		SolutionGuid = {3679C120-87C3-450D-9779-4587FC3F35D5}
	EndGlobalSection
EndGlobal
